
Microsoft Visual Studio Solution File, Format Version 12.00
# Visual Studio 14
VisualStudioVersion = 14.0.25420.1
MinimumVisualStudioVersion = 10.0.40219.1
Project("{FAE04EC0-301F-11D3-BF4B-00C04F79EFBC}") = "PasswordHasher", "PasswordHasher\PasswordHasher.csproj", "{DB607C57-E3E7-47BA-ADBA-21119BCD128C}"
EndProject
Global
	GlobalSection(SolutionConfigurationPlatforms) = preSolution
		Debug|Any CPU = Debug|Any CPU
		Release|Any CPU = Release|Any CPU
	EndGlobalSection
	GlobalSection(ProjectConfigurationPlatforms) = postSolution
		{DB607C57-E3E7-47BA-ADBA-21119BCD128C}.Debug|Any CPU.ActiveCfg = Debug|Any CPU
		{DB607C57-E3E7-47BA-ADBA-21119BCD128C}.Debug|Any CPU.Build.0 = Debug|Any CPU
		{DB607C57-E3E7-47BA-ADBA-21119BCD128C}.Release|Any CPU.ActiveCfg = Release|Any CPU
		{DB607C57-E3E7-47BA-ADBA-21119BCD128C}.Release|Any CPU.Build.0 = Release|Any CPU
	EndGlobalSection
	GlobalSection(SolutionProperties) = preSolution
		HideSolutionNode = FALSE
	EndGlobalSection
EndGlobal
